
Microsoft Visual Studio Solution File, Format Version 12.00
# Visual Studio Version 17
VisualStudioVersion = 17.1.32319.34
MinimumVisualStudioVersion = 10.0.40219.1
Project("{FAE04EC0-301F-11D3-BF4B-00C04F79EFBC}") = "multi_table_database_DEMO", "multi_table_database_DEMO\multi_table_database_DEMO.csproj", "{ADE1DA0E-7153-481A-80F3-AFA11490FF5A}"
EndProject
Global
	GlobalSection(SolutionConfigurationPlatforms) = preSolution
		Debug|Any CPU = Debug|Any CPU
		Release|Any CPU = Release|Any CPU
	EndGlobalSection
	GlobalSection(ProjectConfigurationPlatforms) = postSolution
		{ADE1DA0E-7153-481A-80F3-AFA11490FF5A}.Debug|Any CPU.ActiveCfg = Debug|Any CPU
		{ADE1DA0E-7153-481A-80F3-AFA11490FF5A}.Debug|Any CPU.Build.0 = Debug|Any CPU
		{ADE1DA0E-7153-481A-80F3-AFA11490FF5A}.Release|Any CPU.ActiveCfg = Release|Any CPU
		{ADE1DA0E-7153-481A-80F3-AFA11490FF5A}.Release|Any CPU.Build.0 = Release|Any CPU
	EndGlobalSection
	GlobalSection(SolutionProperties) = preSolution
		HideSolutionNode = FALSE
	EndGlobalSection
	GlobalSection(ExtensibilityGlobals) = postSolution
		SolutionGuid = {4957207F-816F-4E13-A7D3-2A88798CD20F}
	EndGlobalSection
EndGlobal
